
Microsoft Visual Studio Solution File, Format Version 12.00
Project("{2150E333-8FDC-42A3-9474-1A3956D46DE8}") = "src", "src", "{615B6346-FE73-4D65-B194-F6669F20669D}"
EndProject
Project("{2150E333-8FDC-42A3-9474-1A3956D46DE8}") = "tests", "tests", "{9A702AB9-FFB3-4C74-BEE3-6D35F839C878}"
EndProject
Project("{2150E333-8FDC-42A3-9474-1A3956D46DE8}") = "UI", "UI", "{96DBB8B1-622D-4DE6-A14B-88FA4322143D}"
EndProject
Project("{2150E333-8FDC-42A3-9474-1A3956D46DE8}") = "Infrastructure", "Infrastructure", "{DB3F9EF1-9F88-44AE-ACB1-F7FC54FA5A5B}"
EndProject
Project("{2150E333-8FDC-42A3-9474-1A3956D46DE8}") = "API", "API", "{ABB3C4B9-CEA2-4A45-AB2E-CBF2F0FB74E7}"
EndProject
Project("{2150E333-8FDC-42A3-9474-1A3956D46DE8}") = "Core", "Core", "{FD0723B4-8C31-45C2-AD10-1FA2E121D035}"
EndProject
Project("{FAE04EC0-301F-11D3-BF4B-00C04F79EFBC}") = "HR.LeaveManagement.Domain", "HR.LeaveManagement.Domain\HR.LeaveManagement.Domain.csproj", "{F1B11AF3-68BF-4570-9BDF-253C16D2B14D}"
EndProject
Project("{FAE04EC0-301F-11D3-BF4B-00C04F79EFBC}") = "HR.LeaveManagement.Application", "HR.LeaveManagement.Application\HR.LeaveManagement.Application.csproj", "{E9CC9FAC-CC21-4E2C-911B-8587F954A3EE}"
EndProject
Project("{FAE04EC0-301F-11D3-BF4B-00C04F79EFBC}") = "HR.LeaveManagement.Persistence", "HR.LeaveManagement.Persistence\HR.LeaveManagement.Persistence.csproj", "{A2A4778A-3507-4194-B395-EF7BBF66F552}"
EndProject
Global
	GlobalSection(SolutionConfigurationPlatforms) = preSolution
		Debug|Any CPU = Debug|Any CPU
		Release|Any CPU = Release|Any CPU
	EndGlobalSection
	GlobalSection(NestedProjects) = preSolution
		{96DBB8B1-622D-4DE6-A14B-88FA4322143D} = {615B6346-FE73-4D65-B194-F6669F20669D}
		{DB3F9EF1-9F88-44AE-ACB1-F7FC54FA5A5B} = {615B6346-FE73-4D65-B194-F6669F20669D}
		{ABB3C4B9-CEA2-4A45-AB2E-CBF2F0FB74E7} = {615B6346-FE73-4D65-B194-F6669F20669D}
		{FD0723B4-8C31-45C2-AD10-1FA2E121D035} = {615B6346-FE73-4D65-B194-F6669F20669D}
		{F1B11AF3-68BF-4570-9BDF-253C16D2B14D} = {FD0723B4-8C31-45C2-AD10-1FA2E121D035}
		{E9CC9FAC-CC21-4E2C-911B-8587F954A3EE} = {FD0723B4-8C31-45C2-AD10-1FA2E121D035}
		{A2A4778A-3507-4194-B395-EF7BBF66F552} = {DB3F9EF1-9F88-44AE-ACB1-F7FC54FA5A5B}
	EndGlobalSection
	GlobalSection(ProjectConfigurationPlatforms) = postSolution
		{F1B11AF3-68BF-4570-9BDF-253C16D2B14D}.Debug|Any CPU.ActiveCfg = Debug|Any CPU
		{F1B11AF3-68BF-4570-9BDF-253C16D2B14D}.Debug|Any CPU.Build.0 = Debug|Any CPU
		{F1B11AF3-68BF-4570-9BDF-253C16D2B14D}.Release|Any CPU.ActiveCfg = Release|Any CPU
		{F1B11AF3-68BF-4570-9BDF-253C16D2B14D}.Release|Any CPU.Build.0 = Release|Any CPU
		{E9CC9FAC-CC21-4E2C-911B-8587F954A3EE}.Debug|Any CPU.ActiveCfg = Debug|Any CPU
		{E9CC9FAC-CC21-4E2C-911B-8587F954A3EE}.Debug|Any CPU.Build.0 = Debug|Any CPU
		{E9CC9FAC-CC21-4E2C-911B-8587F954A3EE}.Release|Any CPU.ActiveCfg = Release|Any CPU
		{E9CC9FAC-CC21-4E2C-911B-8587F954A3EE}.Release|Any CPU.Build.0 = Release|Any CPU
		{A2A4778A-3507-4194-B395-EF7BBF66F552}.Debug|Any CPU.ActiveCfg = Debug|Any CPU
		{A2A4778A-3507-4194-B395-EF7BBF66F552}.Debug|Any CPU.Build.0 = Debug|Any CPU
		{A2A4778A-3507-4194-B395-EF7BBF66F552}.Release|Any CPU.ActiveCfg = Release|Any CPU
		{A2A4778A-3507-4194-B395-EF7BBF66F552}.Release|Any CPU.Build.0 = Release|Any CPU
	EndGlobalSection
EndGlobal
